// !$*UTF8*$!
{
	archiveVersion = 1;
	classes = {
	};
	objectVersion = 50;
	objects = {

/* Begin PBXBuildFile section */
		3C4CDFC122A18DF700604E76 /* main.m in Sources */ = {isa = PBXBuildFile; fileRef = 3C4CDFC022A18DF700604E76 /* main.m */; };
		3C4CDFCE22A18ECC00604E76 /* TestMset.mm in Sources */ = {isa = PBXBuildFile; fileRef = 3C4CDFCD22A18ECC00604E76 /* TestMset.mm */; };
		3C7B077822A1AAA500F21F61 /* TestArr.mm in Sources */ = {isa = PBXBuildFile; fileRef = 3C7B077722A1AAA500F21F61 /* TestArr.mm */; };
		3CB85E1822A5E461000C734C /* TestMedianSet.mm in Sources */ = {isa = PBXBuildFile; fileRef = 3CB85E1722A5E461000C734C /* TestMedianSet.mm */; };
/* End PBXBuildFile section */

/* Begin PBXCopyFilesBuildPhase section */
		3C4CDFBB22A18DF700604E76 /* CopyFiles */ = {
			isa = PBXCopyFilesBuildPhase;
			buildActionMask = 2147483647;
			dstPath = /usr/share/man/man1/;
			dstSubfolderSpec = 0;
			files = (
			);
			runOnlyForDeploymentPostprocessing = 1;
		};
/* End PBXCopyFilesBuildPhase section */

/* Begin PBXFileReference section */
		3C4CDFBD22A18DF700604E76 /* SortedSetMedianXcode */ = {isa = PBXFileReference; explicitFileType = "compiled.mach-o.executable"; includeInIndex = 0; path = SortedSetMedianXcode; sourceTree = BUILT_PRODUCTS_DIR; };
		3C4CDFC022A18DF700604E76 /* main.m */ = {isa = PBXFileReference; lastKnownFileType = sourcecode.c.objc; path = main.m; sourceTree = "<group>"; };
		3C4CDFCB22A18ECC00604E76 /* Test.xctest */ = {isa = PBXFileReference; explicitFileType = wrapper.cfbundle; includeInIndex = 0; path = Test.xctest; sourceTree = BUILT_PRODUCTS_DIR; };
		3C4CDFCD22A18ECC00604E76 /* TestMset.mm */ = {isa = PBXFileReference; lastKnownFileType = sourcecode.cpp.objcpp; path = TestMset.mm; sourceTree = "<group>"; };
		3C4CDFCF22A18ECC00604E76 /* Info.plist */ = {isa = PBXFileReference; lastKnownFileType = text.plist.xml; path = Info.plist; sourceTree = "<group>"; };
		3C4CDFD322A18F8600604E76 /* mset.h */ = {isa = PBXFileReference; lastKnownFileType = sourcecode.c.h; path = mset.h; sourceTree = "<group>"; };
		3C7B077722A1AAA500F21F61 /* TestArr.mm */ = {isa = PBXFileReference; fileEncoding = 4; lastKnownFileType = sourcecode.cpp.objcpp; path = TestArr.mm; sourceTree = "<group>"; };
		3C95D2F122A1A50700E4DC5A /* arr.h */ = {isa = PBXFileReference; lastKnownFileType = sourcecode.c.h; path = arr.h; sourceTree = "<group>"; };
		3CB85E1622A5E313000C734C /* medianset.hpp */ = {isa = PBXFileReference; lastKnownFileType = sourcecode.cpp.h; path = medianset.hpp; sourceTree = "<group>"; };
		3CB85E1722A5E461000C734C /* TestMedianSet.mm */ = {isa = PBXFileReference; fileEncoding = 4; lastKnownFileType = sourcecode.cpp.objcpp; path = TestMedianSet.mm; sourceTree = "<group>"; };
		3CB85E1922A604D0000C734C /* medianset_main.h */ = {isa = PBXFileReference; fileEncoding = 4; lastKnownFileType = sourcecode.c.h; path = medianset_main.h; sourceTree = "<group>"; };
/* End PBXFileReference section */

/* Begin PBXFrameworksBuildPhase section */
		3C4CDFBA22A18DF700604E76 /* Frameworks */ = {
			isa = PBXFrameworksBuildPhase;
			buildActionMask = 2147483647;
			files = (
			);
			runOnlyForDeploymentPostprocessing = 0;
		};
		3C4CDFC822A18ECC00604E76 /* Frameworks */ = {
			isa = PBXFrameworksBuildPhase;
			buildActionMask = 2147483647;
			files = (
			);
			runOnlyForDeploymentPostprocessing = 0;
		};
/* End PBXFrameworksBuildPhase section */

/* Begin PBXGroup section */
		3C4CDFB422A18DF700604E76 = {
			isa = PBXGroup;
			children = (
				3C4CDFBF22A18DF700604E76 /* SortedSetMedianXcode */,
				3C4CDFCC22A18ECC00604E76 /* Test */,
				3C4CDFBE22A18DF700604E76 /* Products */,
			);
			sourceTree = "<group>";
		};
		3C4CDFBE22A18DF700604E76 /* Products */ = {
			isa = PBXGroup;
			children = (
				3C4CDFBD22A18DF700604E76 /* SortedSetMedianXcode */,
				3C4CDFCB22A18ECC00604E76 /* Test.xctest */,
			);
			name = Products;
			sourceTree = "<group>";
		};
		3C4CDFBF22A18DF700604E76 /* SortedSetMedianXcode */ = {
			isa = PBXGroup;
			children = (
				3C4CDFC022A18DF700604E76 /* main.m */,
				3C4CDFD322A18F8600604E76 /* mset.h */,
				3C95D2F122A1A50700E4DC5A /* arr.h */,
				3CB85E1622A5E313000C734C /* medianset.hpp */,
				3CB85E1922A604D0000C734C /* medianset_main.h */,
			);
			path = SortedSetMedianXcode;
			sourceTree = "<group>";
		};
		3C4CDFCC22A18ECC00604E76 /* Test */ = {
			isa = PBXGroup;
			children = (
				3CB85E1722A5E461000C734C /* TestMedianSet.mm */,
				3C4CDFCD22A18ECC00604E76 /* TestMset.mm */,
				3C7B077722A1AAA500F21F61 /* TestArr.mm */,
				3C4CDFCF22A18ECC00604E76 /* Info.plist */,
			);
			path = Test;
			sourceTree = "<group>";
		};
/* End PBXGroup section */

/* Begin PBXNativeTarget section */
		3C4CDFBC22A18DF700604E76 /* SortedSetMedianXcode */ = {
			isa = PBXNativeTarget;
			buildConfigurationList = 3C4CDFC422A18DF700604E76 /* Build configuration list for PBXNativeTarget "SortedSetMedianXcode" */;
			buildPhases = (
				3C4CDFB922A18DF700604E76 /* Sources */,
				3C4CDFBA22A18DF700604E76 /* Frameworks */,
				3C4CDFBB22A18DF700604E76 /* CopyFiles */,
			);
			buildRules = (
			);
			dependencies = (
			);
			name = SortedSetMedianXcode;
			productName = SortedSetMedianXcode;
			productReference = 3C4CDFBD22A18DF700604E76 /* SortedSetMedianXcode */;
			productType = "com.apple.product-type.tool";
		};
		3C4CDFCA22A18ECC00604E76 /* Test */ = {
			isa = PBXNativeTarget;
			buildConfigurationList = 3C4CDFD022A18ECC00604E76 /* Build configuration list for PBXNativeTarget "Test" */;
			buildPhases = (
				3C4CDFC722A18ECC00604E76 /* Sources */,
				3C4CDFC822A18ECC00604E76 /* Frameworks */,
				3C4CDFC922A18ECC00604E76 /* Resources */,
			);
			buildRules = (
			);
			dependencies = (
			);
			name = Test;
			productName = Test;
			productReference = 3C4CDFCB22A18ECC00604E76 /* Test.xctest */;
			productType = "com.apple.product-type.bundle.unit-test";
		};
/* End PBXNativeTarget section */

/* Begin PBXProject section */
		3C4CDFB522A18DF700604E76 /* Project object */ = {
			isa = PBXProject;
			attributes = {
				LastUpgradeCheck = 1020;
				ORGANIZATIONNAME = HelpURock;
				TargetAttributes = {
					3C4CDFBC22A18DF700604E76 = {
						CreatedOnToolsVersion = 10.2.1;
					};
					3C4CDFCA22A18ECC00604E76 = {
						CreatedOnToolsVersion = 10.2.1;
					};
				};
			};
			buildConfigurationList = 3C4CDFB822A18DF700604E76 /* Build configuration list for PBXProject "SortedSetMedianXcode" */;
			compatibilityVersion = "Xcode 9.3";
			developmentRegion = en;
			hasScannedForEncodings = 0;
			knownRegions = (
				en,
			);
			mainGroup = 3C4CDFB422A18DF700604E76;
			productRefGroup = 3C4CDFBE22A18DF700604E76 /* Products */;
			projectDirPath = "";
			projectRoot = "";
			targets = (
				3C4CDFBC22A18DF700604E76 /* SortedSetMedianXcode */,
				3C4CDFCA22A18ECC00604E76 /* Test */,
			);
		};
/* End PBXProject section */

/* Begin PBXResourcesBuildPhase section */
		3C4CDFC922A18ECC00604E76 /* Resources */ = {
			isa = PBXResourcesBuildPhase;
			buildActionMask = 2147483647;
			files = (
			);
			runOnlyForDeploymentPostprocessing = 0;
		};
/* End PBXResourcesBuildPhase section */

/* Begin PBXSourcesBuildPhase section */
		3C4CDFB922A18DF700604E76 /* Sources */ = {
			isa = PBXSourcesBuildPhase;
			buildActionMask = 2147483647;
			files = (
				3C4CDFC122A18DF700604E76 /* main.m in Sources */,
			);
			runOnlyForDeploymentPostprocessing = 0;
		};
		3C4CDFC722A18ECC00604E76 /* Sources */ = {
			isa = PBXSourcesBuildPhase;
			buildActionMask = 2147483647;
			files = (
				3CB85E1822A5E461000C734C /* TestMedianSet.mm in Sources */,
				3C4CDFCE22A18ECC00604E76 /* TestMset.mm in Sources */,
				3C7B077822A1AAA500F21F61 /* TestArr.mm in Sources */,
			);
			runOnlyForDeploymentPostprocessing = 0;
		};
/* End PBXSourcesBuildPhase section */

/* Begin XCBuildConfiguration section */
		3C4CDFC222A18DF700604E76 /* Debug */ = {
			isa = XCBuildConfiguration;
			buildSettings = {
				ALWAYS_SEARCH_USER_PATHS = NO;
				CLANG_ANALYZER_NONNULL = YES;
				CLANG_ANALYZER_NUMBER_OBJECT_CONVERSION = YES_AGGRESSIVE;
				CLANG_CXX_LANGUAGE_STANDARD = "gnu++14";
				CLANG_CXX_LIBRARY = "libc++";
				CLANG_ENABLE_MODULES = YES;
				CLANG_ENABLE_OBJC_ARC = YES;
				CLANG_ENABLE_OBJC_WEAK = YES;
				CLANG_WARN_BLOCK_CAPTURE_AUTORELEASING = YES;
				CLANG_WARN_BOOL_CONVERSION = YES;
				CLANG_WARN_COMMA = YES;
				CLANG_WARN_CONSTANT_CONVERSION = YES;
				CLANG_WARN_DEPRECATED_OBJC_IMPLEMENTATIONS = YES;
				CLANG_WARN_DIRECT_OBJC_ISA_USAGE = YES_ERROR;
				CLANG_WARN_DOCUMENTATION_COMMENTS = YES;
				CLANG_WARN_EMPTY_BODY = YES;
				CLANG_WARN_ENUM_CONVERSION = YES;
				CLANG_WARN_INFINITE_RECURSION = YES;
				CLANG_WARN_INT_CONVERSION = YES;
				CLANG_WARN_NON_LITERAL_NULL_CONVERSION = YES;
				CLANG_WARN_OBJC_IMPLICIT_RETAIN_SELF = YES;
				CLANG_WARN_OBJC_LITERAL_CONVERSION = YES;
				CLANG_WARN_OBJC_ROOT_CLASS = YES_ERROR;
				CLANG_WARN_RANGE_LOOP_ANALYSIS = YES;
				CLANG_WARN_STRICT_PROTOTYPES = YES;
				CLANG_WARN_SUSPICIOUS_MOVE = YES;
				CLANG_WARN_UNGUARDED_AVAILABILITY = YES_AGGRESSIVE;
				CLANG_WARN_UNREACHABLE_CODE = YES;
				CLANG_WARN__DUPLICATE_METHOD_MATCH = YES;
				CODE_SIGN_IDENTITY = "Mac Developer";
				COPY_PHASE_STRIP = NO;
				DEBUG_INFORMATION_FORMAT = dwarf;
				ENABLE_STRICT_OBJC_MSGSEND = YES;
				ENABLE_TESTABILITY = YES;
				GCC_C_LANGUAGE_STANDARD = gnu11;
				GCC_DYNAMIC_NO_PIC = NO;
				GCC_NO_COMMON_BLOCKS = YES;
				GCC_OPTIMIZATION_LEVEL = 0;
				GCC_PREPROCESSOR_DEFINITIONS = (
					"DEBUG=1",
					"$(inherited)",
				);
				GCC_WARN_64_TO_32_BIT_CONVERSION = YES;
				GCC_WARN_ABOUT_RETURN_TYPE = YES_ERROR;
				GCC_WARN_UNDECLARED_SELECTOR = YES;
				GCC_WARN_UNINITIALIZED_AUTOS = YES_AGGRESSIVE;
				GCC_WARN_UNUSED_FUNCTION = YES;
				GCC_WARN_UNUSED_VARIABLE = YES;
				MACOSX_DEPLOYMENT_TARGET = 10.14;
				MTL_ENABLE_DEBUG_INFO = INCLUDE_SOURCE;
				MTL_FAST_MATH = YES;
				ONLY_ACTIVE_ARCH = YES;
				SDKROOT = macosx;
			};
			name = Debug;
		};
		3C4CDFC322A18DF700604E76 /* Release */ = {
			isa = XCBuildConfiguration;
			buildSettings = {
				ALWAYS_SEARCH_USER_PATHS = NO;
				CLANG_ANALYZER_NONNULL = YES;
				CLANG_ANALYZER_NUMBER_OBJECT_CONVERSION = YES_AGGRESSIVE;
				CLANG_CXX_LANGUAGE_STANDARD = "gnu++14";
				CLANG_CXX_LIBRARY = "libc++";
				CLANG_ENABLE_MODULES = YES;
				CLANG_ENABLE_OBJC_ARC = YES;
				CLANG_ENABLE_OBJC_WEAK = YES;
				CLANG_WARN_BLOCK_CAPTURE_AUTORELEASING = YES;
				CLANG_WARN_BOOL_CONVERSION = YES;
				CLANG_WARN_COMMA = YES;
				CLANG_WARN_CONSTANT_CONVERSION = YES;
				CLANG_WARN_DEPRECATED_OBJC_IMPLEMENTATIONS = YES;
				CLANG_WARN_DIRECT_OBJC_ISA_USAGE = YES_ERROR;
				CLANG_WARN_DOCUMENTATION_COMMENTS = YES;
				CLANG_WARN_EMPTY_BODY = YES;
				CLANG_WARN_ENUM_CONVERSION = YES;
				CLANG_WARN_INFINITE_RECURSION = YES;
				CLANG_WARN_INT_CONVERSION = YES;
				CLANG_WARN_NON_LITERAL_NULL_CONVERSION = YES;
				CLANG_WARN_OBJC_IMPLICIT_RETAIN_SELF = YES;
				CLANG_WARN_OBJC_LITERAL_CONVERSION = YES;
				CLANG_WARN_OBJC_ROOT_CLASS = YES_ERROR;
				CLANG_WARN_RANGE_LOOP_ANALYSIS = YES;
				CLANG_WARN_STRICT_PROTOTYPES = YES;
				CLANG_WARN_SUSPICIOUS_MOVE = YES;
				CLANG_WARN_UNGUARDED_AVAILABILITY = YES_AGGRESSIVE;
				CLANG_WARN_UNREACHABLE_CODE = YES;
				CLANG_WARN__DUPLICATE_METHOD_MATCH = YES;
				CODE_SIGN_IDENTITY = "Mac Developer";
				COPY_PHASE_STRIP = NO;
				DEBUG_INFORMATION_FORMAT = "dwarf-with-dsym";
				ENABLE_NS_ASSERTIONS = NO;
				ENABLE_STRICT_OBJC_MSGSEND = YES;
				GCC_C_LANGUAGE_STANDARD = gnu11;
				GCC_NO_COMMON_BLOCKS = YES;
				GCC_WARN_64_TO_32_BIT_CONVERSION = YES;
				GCC_WARN_ABOUT_RETURN_TYPE = YES_ERROR;
				GCC_WARN_UNDECLARED_SELECTOR = YES;
				GCC_WARN_UNINITIALIZED_AUTOS = YES_AGGRESSIVE;
				GCC_WARN_UNUSED_FUNCTION = YES;
				GCC_WARN_UNUSED_VARIABLE = YES;
				MACOSX_DEPLOYMENT_TARGET = 10.14;
				MTL_ENABLE_DEBUG_INFO = NO;
				MTL_FAST_MATH = YES;
				SDKROOT = macosx;
			};
			name = Release;
		};
		3C4CDFC522A18DF700604E76 /* Debug */ = {
			isa = XCBuildConfiguration;
			buildSettings = {
				CODE_SIGN_STYLE = Automatic;
				DEVELOPMENT_TEAM = 9F74CLHA49;
				PRODUCT_NAME = "$(TARGET_NAME)";
			};
			name = Debug;
		};
		3C4CDFC622A18DF700604E76 /* Release */ = {
			isa = XCBuildConfiguration;
			buildSettings = {
				CODE_SIGN_STYLE = Automatic;
				DEVELOPMENT_TEAM = 9F74CLHA49;
				PRODUCT_NAME = "$(TARGET_NAME)";
			};
			name = Release;
		};
		3C4CDFD122A18ECC00604E76 /* Debug */ = {
			isa = XCBuildConfiguration;
			buildSettings = {
				CODE_SIGN_STYLE = Automatic;
				COMBINE_HIDPI_IMAGES = YES;
				DEVELOPMENT_TEAM = 9F74CLHA49;
				INFOPLIST_FILE = Test/Info.plist;
				LD_RUNPATH_SEARCH_PATHS = (
					"$(inherited)",
					"@executable_path/../Frameworks",
					"@loader_path/../Frameworks",
				);
				PRODUCT_BUNDLE_IDENTIFIER = com.helpurock.Test;
				PRODUCT_NAME = "$(TARGET_NAME)";
			};
			name = Debug;
		};
		3C4CDFD222A18ECC00604E76 /* Release */ = {
			isa = XCBuildConfiguration;
			buildSettings = {
				CODE_SIGN_STYLE = Automatic;
				COMBINE_HIDPI_IMAGES = YES;
				DEVELOPMENT_TEAM = 9F74CLHA49;
				INFOPLIST_FILE = Test/Info.plist;
				LD_RUNPATH_SEARCH_PATHS = (
					"$(inherited)",
					"@executable_path/../Frameworks",
					"@loader_path/../Frameworks",
				);
				PRODUCT_BUNDLE_IDENTIFIER = com.helpurock.Test;
				PRODUCT_NAME = "$(TARGET_NAME)";
			};
			name = Release;
		};
/* End XCBuildConfiguration section */

/* Begin XCConfigurationList section */
		3C4CDFB822A18DF700604E76 /* Build configuration list for PBXProject "SortedSetMedianXcode" */ = {
			isa = XCConfigurationList;
			buildConfigurations = (
				3C4CDFC222A18DF700604E76 /* Debug */,
				3C4CDFC322A18DF700604E76 /* Release */,
			);
			defaultConfigurationIsVisible = 0;
			defaultConfigurationName = Release;
		};
		3C4CDFC422A18DF700604E76 /* Build configuration list for PBXNativeTarget "SortedSetMedianXcode" */ = {
			isa = XCConfigurationList;
			buildConfigurations = (
				3C4CDFC522A18DF700604E76 /* Debug */,
				3C4CDFC622A18DF700604E76 /* Release */,
			);
			defaultConfigurationIsVisible = 0;
			defaultConfigurationName = Release;
		};
		3C4CDFD022A18ECC00604E76 /* Build configuration list for PBXNativeTarget "Test" */ = {
			isa = XCConfigurationList;
			buildConfigurations = (
				3C4CDFD122A18ECC00604E76 /* Debug */,
				3C4CDFD222A18ECC00604E76 /* Release */,
			);
			defaultConfigurationIsVisible = 0;
			defaultConfigurationName = Release;
		};
/* End XCConfigurationList section */
	};
	rootObject = 3C4CDFB522A18DF700604E76 /* Project object */;
}
